
Microsoft Visual Studio Solution File, Format Version 12.00
# Visual Studio 15
VisualStudioVersion = 15.0.26403.0
MinimumVisualStudioVersion = 10.0.40219.1
Project("{9A19103F-16F7-4668-BE54-9A1E7A4F7556}") = "RestDb", "RestDb\RestDb.csproj", "{49AC22AD-7AA0-4BCF-BC2E-0237AAE4CC2F}"
EndProject
Global
	GlobalSection(SolutionConfigurationPlatforms) = preSolution
		Debug|Any CPU = Debug|Any CPU
		Release|Any CPU = Release|Any CPU
	EndGlobalSection
	GlobalSection(ProjectConfigurationPlatforms) = postSolution
		{49AC22AD-7AA0-4BCF-BC2E-0237AAE4CC2F}.Debug|Any CPU.ActiveCfg = Debug|Any CPU
		{49AC22AD-7AA0-4BCF-BC2E-0237AAE4CC2F}.Debug|Any CPU.Build.0 = Debug|Any CPU
		{49AC22AD-7AA0-4BCF-BC2E-0237AAE4CC2F}.Release|Any CPU.ActiveCfg = Release|Any CPU
		{49AC22AD-7AA0-4BCF-BC2E-0237AAE4CC2F}.Release|Any CPU.Build.0 = Release|Any CPU
	EndGlobalSection
	GlobalSection(SolutionProperties) = preSolution
		HideSolutionNode = FALSE
	EndGlobalSection
	GlobalSection(ExtensibilityGlobals) = postSolution
		SolutionGuid = {EF516CBA-7C5E-4DDD-8CD8-3C1F25FCB5D8}
	EndGlobalSection
EndGlobal
