
Microsoft Visual Studio Solution File, Format Version 12.00
# Visual Studio 15
VisualStudioVersion = 15.0.26403.0
MinimumVisualStudioVersion = 10.0.40219.1
Project("{9A19103F-16F7-4668-BE54-9A1E7A4F7556}") = "RestDb", "RestDb\RestDb.csproj", "{49AC22AD-7AA0-4BCF-BC2E-0237AAE4CC2F}"
EndProject
Project("{FAE04EC0-301F-11D3-BF4B-00C04F79EFBC}") = "RestDb.Test.Shared", "RestDb.Test.Shared\RestDb.Test.Shared.csproj", "{079F8D0A-4ED3-4683-A56E-3F96E1AE304D}"
EndProject
Project("{FAE04EC0-301F-11D3-BF4B-00C04F79EFBC}") = "RestDb.Test.Automated", "RestDb.Test.Automated\RestDb.Test.Automated.csproj", "{A338D0D4-7698-446A-B7F2-4DC15E89E1A8}"
EndProject
Project("{FAE04EC0-301F-11D3-BF4B-00C04F79EFBC}") = "RestDb.Test.Xunit", "RestDb.Test.Xunit\RestDb.Test.Xunit.csproj", "{C63C82D9-EEEB-4E2D-A752-3347E067CAD5}"
EndProject
Project("{FAE04EC0-301F-11D3-BF4B-00C04F79EFBC}") = "RestDb.Test.Nunit", "RestDb.Test.Nunit\RestDb.Test.Nunit.csproj", "{B04B6E11-6BE0-4B64-8C5C-41661BE2ADDD}"
EndProject
Project("{9A19103F-16F7-4668-BE54-9A1E7A4F7556}") = "RestDb.McpServer", "RestDb.McpServer\RestDb.McpServer.csproj", "{427D85C5-988C-4818-893E-BD961E3EEEF1}"
EndProject
Global
	GlobalSection(SolutionConfigurationPlatforms) = preSolution
		Debug|Any CPU = Debug|Any CPU
		Debug|x64 = Debug|x64
		Debug|x86 = Debug|x86
		Release|Any CPU = Release|Any CPU
		Release|x64 = Release|x64
		Release|x86 = Release|x86
	EndGlobalSection
	GlobalSection(ProjectConfigurationPlatforms) = postSolution
		{49AC22AD-7AA0-4BCF-BC2E-0237AAE4CC2F}.Debug|Any CPU.ActiveCfg = Debug|Any CPU
		{49AC22AD-7AA0-4BCF-BC2E-0237AAE4CC2F}.Debug|Any CPU.Build.0 = Debug|Any CPU
		{49AC22AD-7AA0-4BCF-BC2E-0237AAE4CC2F}.Debug|x64.ActiveCfg = Debug|Any CPU
		{49AC22AD-7AA0-4BCF-BC2E-0237AAE4CC2F}.Debug|x64.Build.0 = Debug|Any CPU
		{49AC22AD-7AA0-4BCF-BC2E-0237AAE4CC2F}.Debug|x86.ActiveCfg = Debug|Any CPU
		{49AC22AD-7AA0-4BCF-BC2E-0237AAE4CC2F}.Debug|x86.Build.0 = Debug|Any CPU
		{49AC22AD-7AA0-4BCF-BC2E-0237AAE4CC2F}.Release|Any CPU.ActiveCfg = Release|Any CPU
		{49AC22AD-7AA0-4BCF-BC2E-0237AAE4CC2F}.Release|Any CPU.Build.0 = Release|Any CPU
		{49AC22AD-7AA0-4BCF-BC2E-0237AAE4CC2F}.Release|x64.ActiveCfg = Release|Any CPU
		{49AC22AD-7AA0-4BCF-BC2E-0237AAE4CC2F}.Release|x64.Build.0 = Release|Any CPU
		{49AC22AD-7AA0-4BCF-BC2E-0237AAE4CC2F}.Release|x86.ActiveCfg = Release|Any CPU
		{49AC22AD-7AA0-4BCF-BC2E-0237AAE4CC2F}.Release|x86.Build.0 = Release|Any CPU
		{079F8D0A-4ED3-4683-A56E-3F96E1AE304D}.Debug|Any CPU.ActiveCfg = Debug|Any CPU
		{079F8D0A-4ED3-4683-A56E-3F96E1AE304D}.Debug|Any CPU.Build.0 = Debug|Any CPU
		{079F8D0A-4ED3-4683-A56E-3F96E1AE304D}.Debug|x64.ActiveCfg = Debug|Any CPU
		{079F8D0A-4ED3-4683-A56E-3F96E1AE304D}.Debug|x64.Build.0 = Debug|Any CPU
		{079F8D0A-4ED3-4683-A56E-3F96E1AE304D}.Debug|x86.ActiveCfg = Debug|Any CPU
		{079F8D0A-4ED3-4683-A56E-3F96E1AE304D}.Debug|x86.Build.0 = Debug|Any CPU
		{079F8D0A-4ED3-4683-A56E-3F96E1AE304D}.Release|Any CPU.ActiveCfg = Release|Any CPU
		{079F8D0A-4ED3-4683-A56E-3F96E1AE304D}.Release|Any CPU.Build.0 = Release|Any CPU
		{079F8D0A-4ED3-4683-A56E-3F96E1AE304D}.Release|x64.ActiveCfg = Release|Any CPU
		{079F8D0A-4ED3-4683-A56E-3F96E1AE304D}.Release|x64.Build.0 = Release|Any CPU
		{079F8D0A-4ED3-4683-A56E-3F96E1AE304D}.Release|x86.ActiveCfg = Release|Any CPU
		{079F8D0A-4ED3-4683-A56E-3F96E1AE304D}.Release|x86.Build.0 = Release|Any CPU
		{A338D0D4-7698-446A-B7F2-4DC15E89E1A8}.Debug|Any CPU.ActiveCfg = Debug|Any CPU
		{A338D0D4-7698-446A-B7F2-4DC15E89E1A8}.Debug|Any CPU.Build.0 = Debug|Any CPU
		{A338D0D4-7698-446A-B7F2-4DC15E89E1A8}.Debug|x64.ActiveCfg = Debug|Any CPU
		{A338D0D4-7698-446A-B7F2-4DC15E89E1A8}.Debug|x64.Build.0 = Debug|Any CPU
		{A338D0D4-7698-446A-B7F2-4DC15E89E1A8}.Debug|x86.ActiveCfg = Debug|Any CPU
		{A338D0D4-7698-446A-B7F2-4DC15E89E1A8}.Debug|x86.Build.0 = Debug|Any CPU
		{A338D0D4-7698-446A-B7F2-4DC15E89E1A8}.Release|Any CPU.ActiveCfg = Release|Any CPU
		{A338D0D4-7698-446A-B7F2-4DC15E89E1A8}.Release|Any CPU.Build.0 = Release|Any CPU
		{A338D0D4-7698-446A-B7F2-4DC15E89E1A8}.Release|x64.ActiveCfg = Release|Any CPU
		{A338D0D4-7698-446A-B7F2-4DC15E89E1A8}.Release|x64.Build.0 = Release|Any CPU
		{A338D0D4-7698-446A-B7F2-4DC15E89E1A8}.Release|x86.ActiveCfg = Release|Any CPU
		{A338D0D4-7698-446A-B7F2-4DC15E89E1A8}.Release|x86.Build.0 = Release|Any CPU
		{C63C82D9-EEEB-4E2D-A752-3347E067CAD5}.Debug|Any CPU.ActiveCfg = Debug|Any CPU
		{C63C82D9-EEEB-4E2D-A752-3347E067CAD5}.Debug|Any CPU.Build.0 = Debug|Any CPU
		{C63C82D9-EEEB-4E2D-A752-3347E067CAD5}.Debug|x64.ActiveCfg = Debug|Any CPU
		{C63C82D9-EEEB-4E2D-A752-3347E067CAD5}.Debug|x64.Build.0 = Debug|Any CPU
		{C63C82D9-EEEB-4E2D-A752-3347E067CAD5}.Debug|x86.ActiveCfg = Debug|Any CPU
		{C63C82D9-EEEB-4E2D-A752-3347E067CAD5}.Debug|x86.Build.0 = Debug|Any CPU
		{C63C82D9-EEEB-4E2D-A752-3347E067CAD5}.Release|Any CPU.ActiveCfg = Release|Any CPU
		{C63C82D9-EEEB-4E2D-A752-3347E067CAD5}.Release|Any CPU.Build.0 = Release|Any CPU
		{C63C82D9-EEEB-4E2D-A752-3347E067CAD5}.Release|x64.ActiveCfg = Release|Any CPU
		{C63C82D9-EEEB-4E2D-A752-3347E067CAD5}.Release|x64.Build.0 = Release|Any CPU
		{C63C82D9-EEEB-4E2D-A752-3347E067CAD5}.Release|x86.ActiveCfg = Release|Any CPU
		{C63C82D9-EEEB-4E2D-A752-3347E067CAD5}.Release|x86.Build.0 = Release|Any CPU
		{B04B6E11-6BE0-4B64-8C5C-41661BE2ADDD}.Debug|Any CPU.ActiveCfg = Debug|Any CPU
		{B04B6E11-6BE0-4B64-8C5C-41661BE2ADDD}.Debug|Any CPU.Build.0 = Debug|Any CPU
		{B04B6E11-6BE0-4B64-8C5C-41661BE2ADDD}.Debug|x64.ActiveCfg = Debug|Any CPU
		{B04B6E11-6BE0-4B64-8C5C-41661BE2ADDD}.Debug|x64.Build.0 = Debug|Any CPU
		{B04B6E11-6BE0-4B64-8C5C-41661BE2ADDD}.Debug|x86.ActiveCfg = Debug|Any CPU
		{B04B6E11-6BE0-4B64-8C5C-41661BE2ADDD}.Debug|x86.Build.0 = Debug|Any CPU
		{B04B6E11-6BE0-4B64-8C5C-41661BE2ADDD}.Release|Any CPU.ActiveCfg = Release|Any CPU
		{B04B6E11-6BE0-4B64-8C5C-41661BE2ADDD}.Release|Any CPU.Build.0 = Release|Any CPU
		{B04B6E11-6BE0-4B64-8C5C-41661BE2ADDD}.Release|x64.ActiveCfg = Release|Any CPU
		{B04B6E11-6BE0-4B64-8C5C-41661BE2ADDD}.Release|x64.Build.0 = Release|Any CPU
		{B04B6E11-6BE0-4B64-8C5C-41661BE2ADDD}.Release|x86.ActiveCfg = Release|Any CPU
		{B04B6E11-6BE0-4B64-8C5C-41661BE2ADDD}.Release|x86.Build.0 = Release|Any CPU
		{427D85C5-988C-4818-893E-BD961E3EEEF1}.Debug|Any CPU.ActiveCfg = Debug|Any CPU
		{427D85C5-988C-4818-893E-BD961E3EEEF1}.Debug|Any CPU.Build.0 = Debug|Any CPU
		{427D85C5-988C-4818-893E-BD961E3EEEF1}.Debug|x64.ActiveCfg = Debug|Any CPU
		{427D85C5-988C-4818-893E-BD961E3EEEF1}.Debug|x64.Build.0 = Debug|Any CPU
		{427D85C5-988C-4818-893E-BD961E3EEEF1}.Debug|x86.ActiveCfg = Debug|Any CPU
		{427D85C5-988C-4818-893E-BD961E3EEEF1}.Debug|x86.Build.0 = Debug|Any CPU
		{427D85C5-988C-4818-893E-BD961E3EEEF1}.Release|Any CPU.ActiveCfg = Release|Any CPU
		{427D85C5-988C-4818-893E-BD961E3EEEF1}.Release|Any CPU.Build.0 = Release|Any CPU
		{427D85C5-988C-4818-893E-BD961E3EEEF1}.Release|x64.ActiveCfg = Release|Any CPU
		{427D85C5-988C-4818-893E-BD961E3EEEF1}.Release|x64.Build.0 = Release|Any CPU
		{427D85C5-988C-4818-893E-BD961E3EEEF1}.Release|x86.ActiveCfg = Release|Any CPU
		{427D85C5-988C-4818-893E-BD961E3EEEF1}.Release|x86.Build.0 = Release|Any CPU
	EndGlobalSection
	GlobalSection(SolutionProperties) = preSolution
		HideSolutionNode = FALSE
	EndGlobalSection
	GlobalSection(ExtensibilityGlobals) = postSolution
		SolutionGuid = {EF516CBA-7C5E-4DDD-8CD8-3C1F25FCB5D8}
	EndGlobalSection
EndGlobal
